
Microsoft Visual Studio Solution File, Format Version 12.00
Project("{FAE04EC0-301F-11D3-BF4B-00C04F79EFBC}") = "Test.UI", "Test.UI\Test.UI.csproj", "{03CB6576-EE77-4BAC-A27E-8237414C72F6}"
EndProject
Project("{FAE04EC0-301F-11D3-BF4B-00C04F79EFBC}") = "Test.Domain", "Test.Domain\Test.Domain.csproj", "{9B8F5566-785E-47D1-B1C4-A4EA82049A2A}"
EndProject
Project("{FAE04EC0-301F-11D3-BF4B-00C04F79EFBC}") = "Test.Api", "Test.Api\Test.Api.csproj", "{1FE83333-A268-4E57-99D7-4FD8A6F228B1}"
EndProject
Global
	GlobalSection(SolutionConfigurationPlatforms) = preSolution
		Debug|Any CPU = Debug|Any CPU
		Release|Any CPU = Release|Any CPU
	EndGlobalSection
	GlobalSection(ProjectConfigurationPlatforms) = postSolution
		{03CB6576-EE77-4BAC-A27E-8237414C72F6}.Debug|Any CPU.ActiveCfg = Debug|Any CPU
		{03CB6576-EE77-4BAC-A27E-8237414C72F6}.Debug|Any CPU.Build.0 = Debug|Any CPU
		{03CB6576-EE77-4BAC-A27E-8237414C72F6}.Release|Any CPU.ActiveCfg = Release|Any CPU
		{03CB6576-EE77-4BAC-A27E-8237414C72F6}.Release|Any CPU.Build.0 = Release|Any CPU
		{9B8F5566-785E-47D1-B1C4-A4EA82049A2A}.Debug|Any CPU.ActiveCfg = Debug|Any CPU
		{9B8F5566-785E-47D1-B1C4-A4EA82049A2A}.Debug|Any CPU.Build.0 = Debug|Any CPU
		{9B8F5566-785E-47D1-B1C4-A4EA82049A2A}.Release|Any CPU.ActiveCfg = Release|Any CPU
		{9B8F5566-785E-47D1-B1C4-A4EA82049A2A}.Release|Any CPU.Build.0 = Release|Any CPU
		{1FE83333-A268-4E57-99D7-4FD8A6F228B1}.Debug|Any CPU.ActiveCfg = Debug|Any CPU
		{1FE83333-A268-4E57-99D7-4FD8A6F228B1}.Debug|Any CPU.Build.0 = Debug|Any CPU
		{1FE83333-A268-4E57-99D7-4FD8A6F228B1}.Release|Any CPU.ActiveCfg = Release|Any CPU
		{1FE83333-A268-4E57-99D7-4FD8A6F228B1}.Release|Any CPU.Build.0 = Release|Any CPU
	EndGlobalSection
EndGlobal
